
Microsoft Visual Studio Solution File, Format Version 12.00
# Visual Studio Version 17
VisualStudioVersion = 17.3.32929.385
MinimumVisualStudioVersion = 10.0.40219.1
Project("{FAE04EC0-301F-11D3-BF4B-00C04F79EFBC}") = "Project_BE_Solution", "Project_BE_Solution\Project_BE_Solution.csproj", "{648B4A6F-3068-4B97-B2B1-D511BAB4B847}"
EndProject
Global
	GlobalSection(SolutionConfigurationPlatforms) = preSolution
		Debug|Any CPU = Debug|Any CPU
		Release|Any CPU = Release|Any CPU
	EndGlobalSection
	GlobalSection(ProjectConfigurationPlatforms) = postSolution
		{648B4A6F-3068-4B97-B2B1-D511BAB4B847}.Debug|Any CPU.ActiveCfg = Debug|Any CPU
		{648B4A6F-3068-4B97-B2B1-D511BAB4B847}.Debug|Any CPU.Build.0 = Debug|Any CPU
		{648B4A6F-3068-4B97-B2B1-D511BAB4B847}.Release|Any CPU.ActiveCfg = Release|Any CPU
		{648B4A6F-3068-4B97-B2B1-D511BAB4B847}.Release|Any CPU.Build.0 = Release|Any CPU
	EndGlobalSection
	GlobalSection(SolutionProperties) = preSolution
		HideSolutionNode = FALSE
	EndGlobalSection
	GlobalSection(ExtensibilityGlobals) = postSolution
		SolutionGuid = {09C32058-D8AF-423E-8549-F3A9011827D6}
	EndGlobalSection
EndGlobal
